{
  "originHash" : "d125f1faa1baac7b513f3214b3c3260835463541ae7702d051be7a496e0f1835",
  "pins" : [
    {
      "identity" : "swift-custom-dump",
      "kind" : "remoteSourceControl",
      "location" : "https://github.com/lake-of-fire/swift-custom-dump",
      "state" : {
        "branch" : "main",
        "revision" : "bb72ba94ab11eb0982abb75d5a2d2a27f0d9300a"
      }
    },
    {
      "identity" : "swift-syntax",
      "kind" : "remoteSourceControl",
      "location" : "https://github.com/swiftlang/swift-syntax",
      "state" : {
        "revision" : "4799286537280063c85a32f09884cfbca301b1a1",
        "version" : "602.0.0"
      }
    },
    {
      "identity" : "xctest-dynamic-overlay",
      "kind" : "remoteSourceControl",
      "location" : "https://github.com/lake-of-fire/xctest-dynamic-overlay",
      "state" : {
        "branch" : "main",
        "revision" : "d12a7a8b49aa4e8c1121e5f3fdbbed3dd2a9f784"
      }
    }
  ],
  "version" : 3
}
